github.com/agnivade/levenshtein v1.2.1 h1:EHBY3UOn1gwdy/VbFwgo4cxecRznFk7fKWN1KOX7eoM=
github.com/agnivade/levenshtein v1.2.1/go.mod h1:QVVI16kDrtSuwcpd0p1+xMC6Z/VfhtCyDIjcwga4/DU=
github.com/vektah/gqlparser/v2 v2.5.37 h1:jbb1Ilv+xBklV6653tKb4oVUupPNTLb5LmrnBKVI12Y=
github.com/vektah/gqlparser/v2 v2.5.37/go.mod h1:9O4Ox6Ngd3Y12bMD3w6i3CRQXh8W1oC1q0m6olCymDM=
